<?xml version="1.0" encoding="utf-8"?>
<Project ToolsVersion="4.0" xmlns="http://schemas.microsoft.com/developer/msbuild/2003">
  <ItemGroup>
    <Filter Include="Exe">
      <UniqueIdentifier>{e8ca2177-fd83-4f16-b131-3fb51e0000db}</UniqueIdentifier>
    </Filter>
    <Filter Include="DirectX">
      <UniqueIdentifier>{30beaae3-1243-4420-9feb-3e8652ff8a0c}</UniqueIdentifier>
    </Filter>
    <Filter Include="Render">
      <UniqueIdentifier>{1b3ab978-d4c4-4bbd-a501-fd5d269b2cb5}</UniqueIdentifier>
    </Filter>
    <Filter Include="imgui">
      <UniqueIdentifier>{7e778773-fb49-4e4b-9b6a-176350299162}</UniqueIdentifier>
    </Filter>
    <Filter Include="imgui\backend">
      <UniqueIdentifier>{2ce23058-538e-4c3c-9e2b-a6e6ed3752ff}</UniqueIdentifier>
    </Filter>
    <Filter Include="EngineObjects">
      <UniqueIdentifier>{b8891f58-1fc9-4946-a9c9-e496e98b2dbf}</UniqueIdentifier>
    </Filter>
  </ItemGroup>
  <ItemGroup>
    <ClInclude Include="AppHeaders.h">
      <Filter>Exe</Filter>
    </ClInclude>
    <ClInclude Include="DirectX-Headers\include\directx\d3dx12.h">
      <Filter>DirectX</Filter>
    </ClInclude>
    <ClInclude Include="imgui\backends\imgui_impl_dx12.h">
      <Filter>imgui\backend</Filter>
    </ClInclude>
    <ClInclude Include="imgui\backends\imgui_impl_win32.h">
      <Filter>imgui\backend</Filter>
    </ClInclude>
    <ClInclude Include="imgui\imgui.h">
      <Filter>imgui</Filter>
    </ClInclude>
    <ClInclude Include="imgui\imgui_internal.h">
      <Filter>imgui</Filter>
    </ClInclude>
    <ClInclude Include="imgui\imstb_rectpack.h">
      <Filter>imgui</Filter>
    </ClInclude>
    <ClInclude Include="imgui\imstb_textedit.h">
      <Filter>imgui</Filter>
    </ClInclude>
    <ClInclude Include="imgui\imstb_truetype.h">
      <Filter>imgui</Filter>
    </ClInclude>
  </ItemGroup>
  <ItemGroup>
    <ClCompile Include="PurrViewer.cpp">
      <Filter>Exe</Filter>
    </ClCompile>
    <ClCompile Include="RenderCore.ixx">
      <Filter>Render</Filter>
    </ClCompile>
    <ClCompile Include="D3d12Utils.ixx">
      <Filter>DirectX</Filter>
    </ClCompile>
    <ClCompile Include="imgui\backends\imgui_impl_dx12.cpp">
      <Filter>imgui\backend</Filter>
    </ClCompile>
    <ClCompile Include="imgui\backends\imgui_impl_win32.cpp">
      <Filter>imgui\backend</Filter>
    </ClCompile>
    <ClCompile Include="imgui\imgui.cpp">
      <Filter>imgui</Filter>
    </ClCompile>
    <ClCompile Include="imgui\imgui_demo.cpp">
      <Filter>imgui</Filter>
    </ClCompile>
    <ClCompile Include="imgui\imgui_draw.cpp">
      <Filter>imgui</Filter>
    </ClCompile>
    <ClCompile Include="imgui\imgui_tables.cpp">
      <Filter>imgui</Filter>
    </ClCompile>
    <ClCompile Include="imgui\imgui_widgets.cpp">
      <Filter>imgui</Filter>
    </ClCompile>
    <ClCompile Include="Camera.ixx">
      <Filter>EngineObjects</Filter>
    </ClCompile>
  </ItemGroup>
  <ItemGroup>
    <FxCompile Include="VertexShader.hlsl">
      <Filter>DirectX</Filter>
    </FxCompile>
    <FxCompile Include="PixelShader.hlsl">
      <Filter>DirectX</Filter>
    </FxCompile>
  </ItemGroup>
</Project>