<?xml version="1.0" encoding="utf-8"?>
<Project ToolsVersion="4.0" xmlns="http://schemas.microsoft.com/developer/msbuild/2003">
  <ItemGroup>
    <Filter Include="Lib">
      <UniqueIdentifier>{7fb2abf3-4949-48e6-ab56-9c3b19e97f60}</UniqueIdentifier>
    </Filter>
  </ItemGroup>
  <ItemGroup>
    <ClCompile Include="UACEDirectoryHeader.ixx">
      <Filter>Lib</Filter>
    </ClCompile>
    <ClCompile Include="UACEStaticMeshHeader.ixx">
      <Filter>Lib</Filter>
    </ClCompile>
    <ClCompile Include="UACEMeshDataCache.ixx">
      <Filter>Lib</Filter>
    </ClCompile>
    <ClCompile Include="UACEMapDistributor.ixx">
      <Filter>Lib</Filter>
    </ClCompile>
  </ItemGroup>
</Project>